
Microsoft Visual Studio Solution File, Format Version 12.00
# Visual Studio Version 16
VisualStudioVersion = 16.0.31129.286
MinimumVisualStudioVersion = 10.0.40219.1
Project("{FAE04EC0-301F-11D3-BF4B-00C04F79EFBC}") = "ProjectEulerLibrary", "ProjectEulerLibrary\ProjectEulerLibrary.csproj", "{133D756C-1E97-42E1-8B3E-FBB4D21CFF71}"
EndProject
Global
	GlobalSection(SolutionConfigurationPlatforms) = preSolution
		Debug|Any CPU = Debug|Any CPU
		Release|Any CPU = Release|Any CPU
	EndGlobalSection
	GlobalSection(ProjectConfigurationPlatforms) = postSolution
		{133D756C-1E97-42E1-8B3E-FBB4D21CFF71}.Debug|Any CPU.ActiveCfg = Debug|Any CPU
		{133D756C-1E97-42E1-8B3E-FBB4D21CFF71}.Debug|Any CPU.Build.0 = Debug|Any CPU
		{133D756C-1E97-42E1-8B3E-FBB4D21CFF71}.Release|Any CPU.ActiveCfg = Release|Any CPU
		{133D756C-1E97-42E1-8B3E-FBB4D21CFF71}.Release|Any CPU.Build.0 = Release|Any CPU
	EndGlobalSection
	GlobalSection(SolutionProperties) = preSolution
		HideSolutionNode = FALSE
	EndGlobalSection
	GlobalSection(ExtensibilityGlobals) = postSolution
		SolutionGuid = {D1FDE3CE-1ADC-41AD-A3F6-E830C4DC0D17}
	EndGlobalSection
EndGlobal
